
Microsoft Visual Studio Solution File, Format Version 12.00
# Visual Studio Version 16
VisualStudioVersion = 16.0.30804.86
MinimumVisualStudioVersion = 10.0.40219.1
Project("{FAE04EC0-301F-11D3-BF4B-00C04F79EFBC}") = "ServerCodeRest_20180140067_Yusuf Johan Kelana", "ServerCodeRest_20180140067_Yusuf Johan Kelana.csproj", "{87731E4A-CA8E-4E23-9487-9EB90EC95B34}"
EndProject
Global
	GlobalSection(SolutionConfigurationPlatforms) = preSolution
		Debug|Any CPU = Debug|Any CPU
		Release|Any CPU = Release|Any CPU
	EndGlobalSection
	GlobalSection(ProjectConfigurationPlatforms) = postSolution
		{87731E4A-CA8E-4E23-9487-9EB90EC95B34}.Debug|Any CPU.ActiveCfg = Debug|Any CPU
		{87731E4A-CA8E-4E23-9487-9EB90EC95B34}.Debug|Any CPU.Build.0 = Debug|Any CPU
		{87731E4A-CA8E-4E23-9487-9EB90EC95B34}.Release|Any CPU.ActiveCfg = Release|Any CPU
		{87731E4A-CA8E-4E23-9487-9EB90EC95B34}.Release|Any CPU.Build.0 = Release|Any CPU
	EndGlobalSection
	GlobalSection(SolutionProperties) = preSolution
		HideSolutionNode = FALSE
	EndGlobalSection
	GlobalSection(ExtensibilityGlobals) = postSolution
		SolutionGuid = {764FDA8E-91B8-44CA-8057-D70CCA6097BB}
	EndGlobalSection
EndGlobal
